
Microsoft Visual Studio Solution File, Format Version 12.00
# Visual Studio 14
VisualStudioVersion = 14.0.25123.0
MinimumVisualStudioVersion = 10.0.40219.1
Project("{2150E333-8FDC-42A3-9474-1A3956D46DE8}") = "Data", "Data", "{7608670B-DF73-4D5D-9B54-AF0076FCB6D4}"
EndProject
Project("{FAE04EC0-301F-11D3-BF4B-00C04F79EFBC}") = "RI.SolutionOwner.Data", "SolutionOwner\RI.SolutionOwner.Data\RI.SolutionOwner.Data.csproj", "{E1FEC95D-9F8F-4C6B-BAEF-81D1E460860C}"
EndProject
Project("{2150E333-8FDC-42A3-9474-1A3956D46DE8}") = "Business", "Business", "{6629C12B-D2E5-4ABF-A787-E75F9389C59E}"
EndProject
Project("{FAE04EC0-301F-11D3-BF4B-00C04F79EFBC}") = "RI.SolutionOwner.Business", "SolutionOwner\RI.SolutionOwner.Business\RI.SolutionOwner.Business.csproj", "{CF2C7052-3BD8-4B5E-8492-86F5D0B2C64B}"
EndProject
Project("{2150E333-8FDC-42A3-9474-1A3956D46DE8}") = "Web", "Web", "{B87C4016-C23B-4A0F-A210-F645BDA69F35}"
EndProject
Project("{2150E333-8FDC-42A3-9474-1A3956D46DE8}") = "WebAPI", "WebAPI", "{57F79EA3-E324-4928-ACCB-D1CAC735DEFB}"
EndProject
Project("{2150E333-8FDC-42A3-9474-1A3956D46DE8}") = "Framework", "Framework", "{3410BEC5-28D4-495C-B67D-49B216871495}"
EndProject
Project("{FAE04EC0-301F-11D3-BF4B-00C04F79EFBC}") = "RI.Framework.Core", "Framework\RI.Framework.Core\RI.Framework.Core.csproj", "{EEEC6CCD-9580-453E-85A8-175FBDB5AE44}"
EndProject
Project("{FAE04EC0-301F-11D3-BF4B-00C04F79EFBC}") = "RI.Framework.Core.Data.EntityFramework", "Framework\RI.Framework.Core.Data.EntityFramework\RI.Framework.Core.Data.EntityFramework.csproj", "{B7D4F8A9-609E-4370-99D1-1DAD8D255B18}"
EndProject
Project("{FAE04EC0-301F-11D3-BF4B-00C04F79EFBC}") = "RI.SolutionOwner.Data.Services", "SolutionOwner\RI.SolutionOwner.Data.Services\RI.SolutionOwner.Data.Services.csproj", "{06D90C13-9887-415D-8C2A-7F9363766339}"
	ProjectSection(ProjectDependencies) = postProject
		{E1FEC95D-9F8F-4C6B-BAEF-81D1E460860C} = {E1FEC95D-9F8F-4C6B-BAEF-81D1E460860C}
	EndProjectSection
EndProject
Project("{FAE04EC0-301F-11D3-BF4B-00C04F79EFBC}") = "RI.SolutionOwner.Data.Contracts", "SolutionOwner\RI.SolutionOwner.Data.Contracts\RI.SolutionOwner.Data.Contracts.csproj", "{3AB0D7CE-2B0C-44BF-AEAE-69F5418DDC48}"
EndProject
Project("{FAE04EC0-301F-11D3-BF4B-00C04F79EFBC}") = "RI.SolutionOwner.Data.Services.Contracts", "SolutionOwner\RI.SolutionOwner.Data.Services.Contracts\RI.SolutionOwner.Data.Services.Contracts.csproj", "{4AA9B5C2-F266-4995-A799-D2DB54171B86}"
EndProject
Project("{FAE04EC0-301F-11D3-BF4B-00C04F79EFBC}") = "RI.SolutionOwner.Business.Contracts", "SolutionOwner\RI.SolutionOwner.Business.Contracts\RI.SolutionOwner.Business.Contracts.csproj", "{A43F022E-F8CD-4E02-982A-1D6C06FC6B22}"
	ProjectSection(ProjectDependencies) = postProject
		{3AB0D7CE-2B0C-44BF-AEAE-69F5418DDC48} = {3AB0D7CE-2B0C-44BF-AEAE-69F5418DDC48}
	EndProjectSection
EndProject
Project("{FAE04EC0-301F-11D3-BF4B-00C04F79EFBC}") = "RI.Framework.Core.Mapper", "Framework\RI.Framework.Core.Mapper\RI.Framework.Core.Mapper.csproj", "{58C0BE84-94C1-4AE5-9AE8-98DBA75363C6}"
EndProject
Project("{FAE04EC0-301F-11D3-BF4B-00C04F79EFBC}") = "RI.Framework.Core.Logging", "Framework\RI.Framework.Core.Logging\RI.Framework.Core.Logging.csproj", "{568CBA1E-957E-45CC-850F-3F9010867E86}"
EndProject
Project("{FAE04EC0-301F-11D3-BF4B-00C04F79EFBC}") = "RI.Framework.Audit.EntityFramework", "Framework\RI.Framework.Audit.EntityFramework\RI.Framework.Audit.EntityFramework.csproj", "{9A2E0883-35C1-4A9F-9B33-833C75686225}"
EndProject
Project("{FAE04EC0-301F-11D3-BF4B-00C04F79EFBC}") = "RI.Framework.Audit.Abstraction", "Framework\RI.Framework.Audit.Abstraction\RI.Framework.Audit.Abstraction.csproj", "{3A8345E1-602A-48EC-95DD-E57A80B5E166}"
EndProject
Project("{FAE04EC0-301F-11D3-BF4B-00C04F79EFBC}") = "RI.SolutionOwner.Web", "SolutionOwner\RI.SolutionOwner.Web\RI.SolutionOwner.Web.csproj", "{146F373D-1B02-4361-8880-1BA34C1B65E0}"
	ProjectSection(ProjectDependencies) = postProject
		{06D90C13-9887-415D-8C2A-7F9363766339} = {06D90C13-9887-415D-8C2A-7F9363766339}
		{E1FEC95D-9F8F-4C6B-BAEF-81D1E460860C} = {E1FEC95D-9F8F-4C6B-BAEF-81D1E460860C}
		{3AB0D7CE-2B0C-44BF-AEAE-69F5418DDC48} = {3AB0D7CE-2B0C-44BF-AEAE-69F5418DDC48}
	EndProjectSection
EndProject
Project("{A07B5EB6-E848-4116-A8D0-A826331D98C6}") = "RI.SolutionOwner.WebAPI", "RI.SolutionOwner.WebAPI\RI.SolutionOwner.WebAPI.sfproj", "{072E3ECB-AA32-49DC-B5CC-B1637D996AF6}"
EndProject
Project("{FAE04EC0-301F-11D3-BF4B-00C04F79EFBC}") = "RI.SolutionOwner.WebAPI.Ingest", "RI.SolutionOwner.WebAPI.Ingest\RI.SolutionOwner.WebAPI.Ingest.csproj", "{9EF42C04-EAFC-4A22-A77E-48AF5B7CBA11}"
EndProject
Global
	GlobalSection(SolutionConfigurationPlatforms) = preSolution
		Debug|Any CPU = Debug|Any CPU
		Debug|x64 = Debug|x64
		Release|Any CPU = Release|Any CPU
		Release|x64 = Release|x64
	EndGlobalSection
	GlobalSection(ProjectConfigurationPlatforms) = postSolution
		{E1FEC95D-9F8F-4C6B-BAEF-81D1E460860C}.Debug|Any CPU.ActiveCfg = Debug|Any CPU
		{E1FEC95D-9F8F-4C6B-BAEF-81D1E460860C}.Debug|Any CPU.Build.0 = Debug|Any CPU
		{E1FEC95D-9F8F-4C6B-BAEF-81D1E460860C}.Debug|x64.ActiveCfg = Debug|Any CPU
		{E1FEC95D-9F8F-4C6B-BAEF-81D1E460860C}.Debug|x64.Build.0 = Debug|Any CPU
		{E1FEC95D-9F8F-4C6B-BAEF-81D1E460860C}.Release|Any CPU.ActiveCfg = Release|Any CPU
		{E1FEC95D-9F8F-4C6B-BAEF-81D1E460860C}.Release|Any CPU.Build.0 = Release|Any CPU
		{E1FEC95D-9F8F-4C6B-BAEF-81D1E460860C}.Release|x64.ActiveCfg = Release|Any CPU
		{E1FEC95D-9F8F-4C6B-BAEF-81D1E460860C}.Release|x64.Build.0 = Release|Any CPU
		{CF2C7052-3BD8-4B5E-8492-86F5D0B2C64B}.Debug|Any CPU.ActiveCfg = Debug|Any CPU
		{CF2C7052-3BD8-4B5E-8492-86F5D0B2C64B}.Debug|Any CPU.Build.0 = Debug|Any CPU
		{CF2C7052-3BD8-4B5E-8492-86F5D0B2C64B}.Debug|x64.ActiveCfg = Debug|Any CPU
		{CF2C7052-3BD8-4B5E-8492-86F5D0B2C64B}.Debug|x64.Build.0 = Debug|Any CPU
		{CF2C7052-3BD8-4B5E-8492-86F5D0B2C64B}.Release|Any CPU.ActiveCfg = Release|Any CPU
		{CF2C7052-3BD8-4B5E-8492-86F5D0B2C64B}.Release|Any CPU.Build.0 = Release|Any CPU
		{CF2C7052-3BD8-4B5E-8492-86F5D0B2C64B}.Release|x64.ActiveCfg = Release|Any CPU
		{CF2C7052-3BD8-4B5E-8492-86F5D0B2C64B}.Release|x64.Build.0 = Release|Any CPU
		{EEEC6CCD-9580-453E-85A8-175FBDB5AE44}.Debug|Any CPU.ActiveCfg = Debug|Any CPU
		{EEEC6CCD-9580-453E-85A8-175FBDB5AE44}.Debug|Any CPU.Build.0 = Debug|Any CPU
		{EEEC6CCD-9580-453E-85A8-175FBDB5AE44}.Debug|x64.ActiveCfg = Debug|Any CPU
		{EEEC6CCD-9580-453E-85A8-175FBDB5AE44}.Debug|x64.Build.0 = Debug|Any CPU
		{EEEC6CCD-9580-453E-85A8-175FBDB5AE44}.Release|Any CPU.ActiveCfg = Release|Any CPU
		{EEEC6CCD-9580-453E-85A8-175FBDB5AE44}.Release|Any CPU.Build.0 = Release|Any CPU
		{EEEC6CCD-9580-453E-85A8-175FBDB5AE44}.Release|x64.ActiveCfg = Release|Any CPU
		{EEEC6CCD-9580-453E-85A8-175FBDB5AE44}.Release|x64.Build.0 = Release|Any CPU
		{B7D4F8A9-609E-4370-99D1-1DAD8D255B18}.Debug|Any CPU.ActiveCfg = Debug|Any CPU
		{B7D4F8A9-609E-4370-99D1-1DAD8D255B18}.Debug|Any CPU.Build.0 = Debug|Any CPU
		{B7D4F8A9-609E-4370-99D1-1DAD8D255B18}.Debug|x64.ActiveCfg = Debug|Any CPU
		{B7D4F8A9-609E-4370-99D1-1DAD8D255B18}.Debug|x64.Build.0 = Debug|Any CPU
		{B7D4F8A9-609E-4370-99D1-1DAD8D255B18}.Release|Any CPU.ActiveCfg = Release|Any CPU
		{B7D4F8A9-609E-4370-99D1-1DAD8D255B18}.Release|Any CPU.Build.0 = Release|Any CPU
		{B7D4F8A9-609E-4370-99D1-1DAD8D255B18}.Release|x64.ActiveCfg = Release|Any CPU
		{B7D4F8A9-609E-4370-99D1-1DAD8D255B18}.Release|x64.Build.0 = Release|Any CPU
		{06D90C13-9887-415D-8C2A-7F9363766339}.Debug|Any CPU.ActiveCfg = Debug|Any CPU
		{06D90C13-9887-415D-8C2A-7F9363766339}.Debug|Any CPU.Build.0 = Debug|Any CPU
		{06D90C13-9887-415D-8C2A-7F9363766339}.Debug|x64.ActiveCfg = Debug|Any CPU
		{06D90C13-9887-415D-8C2A-7F9363766339}.Debug|x64.Build.0 = Debug|Any CPU
		{06D90C13-9887-415D-8C2A-7F9363766339}.Release|Any CPU.ActiveCfg = Release|Any CPU
		{06D90C13-9887-415D-8C2A-7F9363766339}.Release|Any CPU.Build.0 = Release|Any CPU
		{06D90C13-9887-415D-8C2A-7F9363766339}.Release|x64.ActiveCfg = Release|Any CPU
		{06D90C13-9887-415D-8C2A-7F9363766339}.Release|x64.Build.0 = Release|Any CPU
		{3AB0D7CE-2B0C-44BF-AEAE-69F5418DDC48}.Debug|Any CPU.ActiveCfg = Debug|Any CPU
		{3AB0D7CE-2B0C-44BF-AEAE-69F5418DDC48}.Debug|Any CPU.Build.0 = Debug|Any CPU
		{3AB0D7CE-2B0C-44BF-AEAE-69F5418DDC48}.Debug|x64.ActiveCfg = Debug|Any CPU
		{3AB0D7CE-2B0C-44BF-AEAE-69F5418DDC48}.Debug|x64.Build.0 = Debug|Any CPU
		{3AB0D7CE-2B0C-44BF-AEAE-69F5418DDC48}.Release|Any CPU.ActiveCfg = Release|Any CPU
		{3AB0D7CE-2B0C-44BF-AEAE-69F5418DDC48}.Release|Any CPU.Build.0 = Release|Any CPU
		{3AB0D7CE-2B0C-44BF-AEAE-69F5418DDC48}.Release|x64.ActiveCfg = Release|Any CPU
		{3AB0D7CE-2B0C-44BF-AEAE-69F5418DDC48}.Release|x64.Build.0 = Release|Any CPU
		{4AA9B5C2-F266-4995-A799-D2DB54171B86}.Debug|Any CPU.ActiveCfg = Debug|Any CPU
		{4AA9B5C2-F266-4995-A799-D2DB54171B86}.Debug|Any CPU.Build.0 = Debug|Any CPU
		{4AA9B5C2-F266-4995-A799-D2DB54171B86}.Debug|x64.ActiveCfg = Debug|Any CPU
		{4AA9B5C2-F266-4995-A799-D2DB54171B86}.Debug|x64.Build.0 = Debug|Any CPU
		{4AA9B5C2-F266-4995-A799-D2DB54171B86}.Release|Any CPU.ActiveCfg = Release|Any CPU
		{4AA9B5C2-F266-4995-A799-D2DB54171B86}.Release|Any CPU.Build.0 = Release|Any CPU
		{4AA9B5C2-F266-4995-A799-D2DB54171B86}.Release|x64.ActiveCfg = Release|Any CPU
		{4AA9B5C2-F266-4995-A799-D2DB54171B86}.Release|x64.Build.0 = Release|Any CPU
		{A43F022E-F8CD-4E02-982A-1D6C06FC6B22}.Debug|Any CPU.ActiveCfg = Debug|Any CPU
		{A43F022E-F8CD-4E02-982A-1D6C06FC6B22}.Debug|Any CPU.Build.0 = Debug|Any CPU
		{A43F022E-F8CD-4E02-982A-1D6C06FC6B22}.Debug|x64.ActiveCfg = Debug|Any CPU
		{A43F022E-F8CD-4E02-982A-1D6C06FC6B22}.Debug|x64.Build.0 = Debug|Any CPU
		{A43F022E-F8CD-4E02-982A-1D6C06FC6B22}.Release|Any CPU.ActiveCfg = Release|Any CPU
		{A43F022E-F8CD-4E02-982A-1D6C06FC6B22}.Release|Any CPU.Build.0 = Release|Any CPU
		{A43F022E-F8CD-4E02-982A-1D6C06FC6B22}.Release|x64.ActiveCfg = Release|Any CPU
		{A43F022E-F8CD-4E02-982A-1D6C06FC6B22}.Release|x64.Build.0 = Release|Any CPU
		{58C0BE84-94C1-4AE5-9AE8-98DBA75363C6}.Debug|Any CPU.ActiveCfg = Debug|Any CPU
		{58C0BE84-94C1-4AE5-9AE8-98DBA75363C6}.Debug|Any CPU.Build.0 = Debug|Any CPU
		{58C0BE84-94C1-4AE5-9AE8-98DBA75363C6}.Debug|x64.ActiveCfg = Debug|Any CPU
		{58C0BE84-94C1-4AE5-9AE8-98DBA75363C6}.Debug|x64.Build.0 = Debug|Any CPU
		{58C0BE84-94C1-4AE5-9AE8-98DBA75363C6}.Release|Any CPU.ActiveCfg = Release|Any CPU
		{58C0BE84-94C1-4AE5-9AE8-98DBA75363C6}.Release|Any CPU.Build.0 = Release|Any CPU
		{58C0BE84-94C1-4AE5-9AE8-98DBA75363C6}.Release|x64.ActiveCfg = Release|Any CPU
		{58C0BE84-94C1-4AE5-9AE8-98DBA75363C6}.Release|x64.Build.0 = Release|Any CPU
		{568CBA1E-957E-45CC-850F-3F9010867E86}.Debug|Any CPU.ActiveCfg = Debug|Any CPU
		{568CBA1E-957E-45CC-850F-3F9010867E86}.Debug|Any CPU.Build.0 = Debug|Any CPU
		{568CBA1E-957E-45CC-850F-3F9010867E86}.Debug|x64.ActiveCfg = Debug|Any CPU
		{568CBA1E-957E-45CC-850F-3F9010867E86}.Debug|x64.Build.0 = Debug|Any CPU
		{568CBA1E-957E-45CC-850F-3F9010867E86}.Release|Any CPU.ActiveCfg = Release|Any CPU
		{568CBA1E-957E-45CC-850F-3F9010867E86}.Release|Any CPU.Build.0 = Release|Any CPU
		{568CBA1E-957E-45CC-850F-3F9010867E86}.Release|x64.ActiveCfg = Release|Any CPU
		{568CBA1E-957E-45CC-850F-3F9010867E86}.Release|x64.Build.0 = Release|Any CPU
		{9A2E0883-35C1-4A9F-9B33-833C75686225}.Debug|Any CPU.ActiveCfg = Debug|Any CPU
		{9A2E0883-35C1-4A9F-9B33-833C75686225}.Debug|Any CPU.Build.0 = Debug|Any CPU
		{9A2E0883-35C1-4A9F-9B33-833C75686225}.Debug|x64.ActiveCfg = Debug|Any CPU
		{9A2E0883-35C1-4A9F-9B33-833C75686225}.Debug|x64.Build.0 = Debug|Any CPU
		{9A2E0883-35C1-4A9F-9B33-833C75686225}.Release|Any CPU.ActiveCfg = Release|Any CPU
		{9A2E0883-35C1-4A9F-9B33-833C75686225}.Release|Any CPU.Build.0 = Release|Any CPU
		{9A2E0883-35C1-4A9F-9B33-833C75686225}.Release|x64.ActiveCfg = Release|Any CPU
		{9A2E0883-35C1-4A9F-9B33-833C75686225}.Release|x64.Build.0 = Release|Any CPU
		{3A8345E1-602A-48EC-95DD-E57A80B5E166}.Debug|Any CPU.ActiveCfg = Debug|Any CPU
		{3A8345E1-602A-48EC-95DD-E57A80B5E166}.Debug|Any CPU.Build.0 = Debug|Any CPU
		{3A8345E1-602A-48EC-95DD-E57A80B5E166}.Debug|x64.ActiveCfg = Debug|Any CPU
		{3A8345E1-602A-48EC-95DD-E57A80B5E166}.Debug|x64.Build.0 = Debug|Any CPU
		{3A8345E1-602A-48EC-95DD-E57A80B5E166}.Release|Any CPU.ActiveCfg = Release|Any CPU
		{3A8345E1-602A-48EC-95DD-E57A80B5E166}.Release|Any CPU.Build.0 = Release|Any CPU
		{3A8345E1-602A-48EC-95DD-E57A80B5E166}.Release|x64.ActiveCfg = Release|Any CPU
		{3A8345E1-602A-48EC-95DD-E57A80B5E166}.Release|x64.Build.0 = Release|Any CPU
		{146F373D-1B02-4361-8880-1BA34C1B65E0}.Debug|Any CPU.ActiveCfg = Debug|Any CPU
		{146F373D-1B02-4361-8880-1BA34C1B65E0}.Debug|Any CPU.Build.0 = Debug|Any CPU
		{146F373D-1B02-4361-8880-1BA34C1B65E0}.Debug|x64.ActiveCfg = Debug|Any CPU
		{146F373D-1B02-4361-8880-1BA34C1B65E0}.Debug|x64.Build.0 = Debug|Any CPU
		{146F373D-1B02-4361-8880-1BA34C1B65E0}.Release|Any CPU.ActiveCfg = Release|Any CPU
		{146F373D-1B02-4361-8880-1BA34C1B65E0}.Release|Any CPU.Build.0 = Release|Any CPU
		{146F373D-1B02-4361-8880-1BA34C1B65E0}.Release|x64.ActiveCfg = Release|Any CPU
		{146F373D-1B02-4361-8880-1BA34C1B65E0}.Release|x64.Build.0 = Release|Any CPU
		{072E3ECB-AA32-49DC-B5CC-B1637D996AF6}.Debug|Any CPU.ActiveCfg = Debug|x64
		{072E3ECB-AA32-49DC-B5CC-B1637D996AF6}.Debug|Any CPU.Build.0 = Debug|x64
		{072E3ECB-AA32-49DC-B5CC-B1637D996AF6}.Debug|Any CPU.Deploy.0 = Debug|x64
		{072E3ECB-AA32-49DC-B5CC-B1637D996AF6}.Debug|x64.ActiveCfg = Debug|x64
		{072E3ECB-AA32-49DC-B5CC-B1637D996AF6}.Debug|x64.Build.0 = Debug|x64
		{072E3ECB-AA32-49DC-B5CC-B1637D996AF6}.Debug|x64.Deploy.0 = Debug|x64
		{072E3ECB-AA32-49DC-B5CC-B1637D996AF6}.Release|Any CPU.ActiveCfg = Release|x64
		{072E3ECB-AA32-49DC-B5CC-B1637D996AF6}.Release|Any CPU.Build.0 = Release|x64
		{072E3ECB-AA32-49DC-B5CC-B1637D996AF6}.Release|Any CPU.Deploy.0 = Release|x64
		{072E3ECB-AA32-49DC-B5CC-B1637D996AF6}.Release|x64.ActiveCfg = Release|x64
		{072E3ECB-AA32-49DC-B5CC-B1637D996AF6}.Release|x64.Build.0 = Release|x64
		{072E3ECB-AA32-49DC-B5CC-B1637D996AF6}.Release|x64.Deploy.0 = Release|x64
		{9EF42C04-EAFC-4A22-A77E-48AF5B7CBA11}.Debug|Any CPU.ActiveCfg = Debug|x64
		{9EF42C04-EAFC-4A22-A77E-48AF5B7CBA11}.Debug|Any CPU.Build.0 = Debug|x64
		{9EF42C04-EAFC-4A22-A77E-48AF5B7CBA11}.Debug|x64.ActiveCfg = Debug|x64
		{9EF42C04-EAFC-4A22-A77E-48AF5B7CBA11}.Debug|x64.Build.0 = Debug|x64
		{9EF42C04-EAFC-4A22-A77E-48AF5B7CBA11}.Release|Any CPU.ActiveCfg = Release|x64
		{9EF42C04-EAFC-4A22-A77E-48AF5B7CBA11}.Release|Any CPU.Build.0 = Release|x64
		{9EF42C04-EAFC-4A22-A77E-48AF5B7CBA11}.Release|x64.ActiveCfg = Release|x64
		{9EF42C04-EAFC-4A22-A77E-48AF5B7CBA11}.Release|x64.Build.0 = Release|x64
	EndGlobalSection
	GlobalSection(SolutionProperties) = preSolution
		HideSolutionNode = FALSE
	EndGlobalSection
	GlobalSection(NestedProjects) = preSolution
		{E1FEC95D-9F8F-4C6B-BAEF-81D1E460860C} = {7608670B-DF73-4D5D-9B54-AF0076FCB6D4}
		{CF2C7052-3BD8-4B5E-8492-86F5D0B2C64B} = {6629C12B-D2E5-4ABF-A787-E75F9389C59E}
		{EEEC6CCD-9580-453E-85A8-175FBDB5AE44} = {3410BEC5-28D4-495C-B67D-49B216871495}
		{B7D4F8A9-609E-4370-99D1-1DAD8D255B18} = {3410BEC5-28D4-495C-B67D-49B216871495}
		{06D90C13-9887-415D-8C2A-7F9363766339} = {7608670B-DF73-4D5D-9B54-AF0076FCB6D4}
		{3AB0D7CE-2B0C-44BF-AEAE-69F5418DDC48} = {7608670B-DF73-4D5D-9B54-AF0076FCB6D4}
		{4AA9B5C2-F266-4995-A799-D2DB54171B86} = {7608670B-DF73-4D5D-9B54-AF0076FCB6D4}
		{A43F022E-F8CD-4E02-982A-1D6C06FC6B22} = {6629C12B-D2E5-4ABF-A787-E75F9389C59E}
		{58C0BE84-94C1-4AE5-9AE8-98DBA75363C6} = {3410BEC5-28D4-495C-B67D-49B216871495}
		{568CBA1E-957E-45CC-850F-3F9010867E86} = {3410BEC5-28D4-495C-B67D-49B216871495}
		{9A2E0883-35C1-4A9F-9B33-833C75686225} = {3410BEC5-28D4-495C-B67D-49B216871495}
		{3A8345E1-602A-48EC-95DD-E57A80B5E166} = {3410BEC5-28D4-495C-B67D-49B216871495}
		{146F373D-1B02-4361-8880-1BA34C1B65E0} = {B87C4016-C23B-4A0F-A210-F645BDA69F35}
		{072E3ECB-AA32-49DC-B5CC-B1637D996AF6} = {57F79EA3-E324-4928-ACCB-D1CAC735DEFB}
		{9EF42C04-EAFC-4A22-A77E-48AF5B7CBA11} = {57F79EA3-E324-4928-ACCB-D1CAC735DEFB}
	EndGlobalSection
EndGlobal
